// !$*UTF8*$!
{
	archiveVersion = 1;
	classes = {
	};
	objectVersion = 46;
	objects = {

/* Begin PBXBuildFile section */
		38C7E0D6DFFF2DE721A69D3E /* libPods.a in Frameworks */ = {isa = PBXBuildFile; fileRef = 28B1A254CD9ADD702A3E710E /* libPods.a */; };
		833B6DDA19FA38D2008D439D /* Images.xcassets in Resources */ = {isa = PBXBuildFile; fileRef = 833B6DD919FA38D2008D439D /* Images.xcassets */; };
		833B6DDF19FA38E9008D439D /* Icons.storyboard in Resources */ = {isa = PBXBuildFile; fileRef = 833B6DDB19FA38E9008D439D /* Icons.storyboard */; };
		833B6DE019FA38E9008D439D /* LaunchScreen.xib in Resources */ = {isa = PBXBuildFile; fileRef = 833B6DDC19FA38E9008D439D /* LaunchScreen.xib */; };
		833B6DE119FA38E9008D439D /* Main.storyboard in Resources */ = {isa = PBXBuildFile; fileRef = 833B6DDD19FA38E9008D439D /* Main.storyboard */; };
		833B6DE219FA38E9008D439D /* Pages.storyboard in Resources */ = {isa = PBXBuildFile; fileRef = 833B6DDE19FA38E9008D439D /* Pages.storyboard */; };
		833B6DE519FA3943008D439D /* AppDelegate.swift in Sources */ = {isa = PBXBuildFile; fileRef = 833B6DE419FA3943008D439D /* AppDelegate.swift */; };
		833B6DE719FA394A008D439D /* ViewController.swift in Sources */ = {isa = PBXBuildFile; fileRef = 833B6DE619FA394A008D439D /* ViewController.swift */; };
		833B6DF819FA395C008D439D /* CGPoint+Additions.swift in Sources */ = {isa = PBXBuildFile; fileRef = 833B6DE919FA395C008D439D /* CGPoint+Additions.swift */; };
		833B6DF919FA395C008D439D /* ObserverPattern.swift in Sources */ = {isa = PBXBuildFile; fileRef = 833B6DEA19FA395C008D439D /* ObserverPattern.swift */; };
		833B6DFA19FA395C008D439D /* SMGCircleView.swift in Sources */ = {isa = PBXBuildFile; fileRef = 833B6DEB19FA395C008D439D /* SMGCircleView.swift */; };
		833B6DFB19FA395C008D439D /* SMGHandles.swift in Sources */ = {isa = PBXBuildFile; fileRef = 833B6DEC19FA395C008D439D /* SMGHandles.swift */; };
		833B6DFC19FA395C008D439D /* SMGHandleView.swift in Sources */ = {isa = PBXBuildFile; fileRef = 833B6DED19FA395C008D439D /* SMGHandleView.swift */; };
		833B6DFD19FA395C008D439D /* SMGIcons.swift in Sources */ = {isa = PBXBuildFile; fileRef = 833B6DEE19FA395C008D439D /* SMGIcons.swift */; };
		833B6DFE19FA395C008D439D /* SMGMenu.swift in Sources */ = {isa = PBXBuildFile; fileRef = 833B6DEF19FA395C008D439D /* SMGMenu.swift */; };
		833B6DFF19FA395C008D439D /* SMGMenuItem.swift in Sources */ = {isa = PBXBuildFile; fileRef = 833B6DF019FA395C008D439D /* SMGMenuItem.swift */; };
		833B6E0019FA395C008D439D /* SMGModel.swift in Sources */ = {isa = PBXBuildFile; fileRef = 833B6DF119FA395C008D439D /* SMGModel.swift */; };
		833B6E0119FA395C008D439D /* SMGPages.swift in Sources */ = {isa = PBXBuildFile; fileRef = 833B6DF219FA395C008D439D /* SMGPages.swift */; };
		833B6E0219FA395C008D439D /* SMGView.swift in Sources */ = {isa = PBXBuildFile; fileRef = 833B6DF319FA395C008D439D /* SMGView.swift */; };
		833B6E0319FA395C008D439D /* SubviewGesturesView.swift in Sources */ = {isa = PBXBuildFile; fileRef = 833B6DF419FA395C008D439D /* SubviewGesturesView.swift */; };
		833B6E0419FA395C008D439D /* UIView+FrameAdditions.swift in Sources */ = {isa = PBXBuildFile; fileRef = 833B6DF519FA395C008D439D /* UIView+FrameAdditions.swift */; };
		83E90A9619F511CF00C2D265 /* SmudgeMenuTests.swift in Sources */ = {isa = PBXBuildFile; fileRef = 83E90A9519F511CF00C2D265 /* SmudgeMenuTests.swift */; };
/* End PBXBuildFile section */

/* Begin PBXContainerItemProxy section */
		83E90A9019F511CF00C2D265 /* PBXContainerItemProxy */ = {
			isa = PBXContainerItemProxy;
			containerPortal = 83E90A7219F511CF00C2D265 /* Project object */;
			proxyType = 1;
			remoteGlobalIDString = 83E90A7919F511CF00C2D265;
			remoteInfo = SmudgeMenu;
		};
/* End PBXContainerItemProxy section */

/* Begin PBXFileReference section */
		162A88530B84381524BC1B40 /* Pods.debug.xcconfig */ = {isa = PBXFileReference; includeInIndex = 1; lastKnownFileType = text.xcconfig; name = Pods.debug.xcconfig; path = "Pods/Target Support Files/Pods/Pods.debug.xcconfig"; sourceTree = "<group>"; };
		28B1A254CD9ADD702A3E710E /* libPods.a */ = {isa = PBXFileReference; explicitFileType = archive.ar; includeInIndex = 0; path = libPods.a; sourceTree = BUILT_PRODUCTS_DIR; };
		6B5CB45DA907A3A26D048316 /* Pods.release.xcconfig */ = {isa = PBXFileReference; includeInIndex = 1; lastKnownFileType = text.xcconfig; name = Pods.release.xcconfig; path = "Pods/Target Support Files/Pods/Pods.release.xcconfig"; sourceTree = "<group>"; };
		833B6DD919FA38D2008D439D /* Images.xcassets */ = {isa = PBXFileReference; lastKnownFileType = folder.assetcatalog; name = Images.xcassets; path = Resources/Images.xcassets; sourceTree = "<group>"; };
		833B6DDB19FA38E9008D439D /* Icons.storyboard */ = {isa = PBXFileReference; fileEncoding = 4; lastKnownFileType = file.storyboard; name = Icons.storyboard; path = Resources/Icons.storyboard; sourceTree = "<group>"; };
		833B6DDC19FA38E9008D439D /* LaunchScreen.xib */ = {isa = PBXFileReference; fileEncoding = 4; lastKnownFileType = file.xib; name = LaunchScreen.xib; path = Resources/LaunchScreen.xib; sourceTree = "<group>"; };
		833B6DDD19FA38E9008D439D /* Main.storyboard */ = {isa = PBXFileReference; fileEncoding = 4; lastKnownFileType = file.storyboard; name = Main.storyboard; path = Resources/Main.storyboard; sourceTree = "<group>"; };
		833B6DDE19FA38E9008D439D /* Pages.storyboard */ = {isa = PBXFileReference; fileEncoding = 4; lastKnownFileType = file.storyboard; name = Pages.storyboard; path = Resources/Pages.storyboard; sourceTree = "<group>"; };
		833B6DE419FA3943008D439D /* AppDelegate.swift */ = {isa = PBXFileReference; fileEncoding = 4; lastKnownFileType = sourcecode.swift; name = AppDelegate.swift; path = Sources/AppDelegate.swift; sourceTree = "<group>"; };
		833B6DE619FA394A008D439D /* ViewController.swift */ = {isa = PBXFileReference; fileEncoding = 4; lastKnownFileType = sourcecode.swift; name = ViewController.swift; path = Sources/ViewController.swift; sourceTree = "<group>"; };
		833B6DE919FA395C008D439D /* CGPoint+Additions.swift */ = {isa = PBXFileReference; fileEncoding = 4; lastKnownFileType = sourcecode.swift; name = "CGPoint+Additions.swift"; path = "Sources/CGPoint+Additions.swift"; sourceTree = "<group>"; };
		833B6DEA19FA395C008D439D /* ObserverPattern.swift */ = {isa = PBXFileReference; fileEncoding = 4; lastKnownFileType = sourcecode.swift; name = ObserverPattern.swift; path = Sources/ObserverPattern.swift; sourceTree = "<group>"; };
		833B6DEB19FA395C008D439D /* SMGCircleView.swift */ = {isa = PBXFileReference; fileEncoding = 4; lastKnownFileType = sourcecode.swift; name = SMGCircleView.swift; path = Sources/SMGCircleView.swift; sourceTree = "<group>"; };
		833B6DEC19FA395C008D439D /* SMGHandles.swift */ = {isa = PBXFileReference; fileEncoding = 4; lastKnownFileType = sourcecode.swift; name = SMGHandles.swift; path = Sources/SMGHandles.swift; sourceTree = "<group>"; };
		833B6DED19FA395C008D439D /* SMGHandleView.swift */ = {isa = PBXFileReference; fileEncoding = 4; lastKnownFileType = sourcecode.swift; name = SMGHandleView.swift; path = Sources/SMGHandleView.swift; sourceTree = "<group>"; };
		833B6DEE19FA395C008D439D /* SMGIcons.swift */ = {isa = PBXFileReference; fileEncoding = 4; lastKnownFileType = sourcecode.swift; name = SMGIcons.swift; path = Sources/SMGIcons.swift; sourceTree = "<group>"; };
		833B6DEF19FA395C008D439D /* SMGMenu.swift */ = {isa = PBXFileReference; fileEncoding = 4; lastKnownFileType = sourcecode.swift; name = SMGMenu.swift; path = Sources/SMGMenu.swift; sourceTree = "<group>"; };
		833B6DF019FA395C008D439D /* SMGMenuItem.swift */ = {isa = PBXFileReference; fileEncoding = 4; lastKnownFileType = sourcecode.swift; name = SMGMenuItem.swift; path = Sources/SMGMenuItem.swift; sourceTree = "<group>"; };
		833B6DF119FA395C008D439D /* SMGModel.swift */ = {isa = PBXFileReference; fileEncoding = 4; lastKnownFileType = sourcecode.swift; name = SMGModel.swift; path = Sources/SMGModel.swift; sourceTree = "<group>"; };
		833B6DF219FA395C008D439D /* SMGPages.swift */ = {isa = PBXFileReference; fileEncoding = 4; lastKnownFileType = sourcecode.swift; name = SMGPages.swift; path = Sources/SMGPages.swift; sourceTree = "<group>"; };
		833B6DF319FA395C008D439D /* SMGView.swift */ = {isa = PBXFileReference; fileEncoding = 4; lastKnownFileType = sourcecode.swift; name = SMGView.swift; path = Sources/SMGView.swift; sourceTree = "<group>"; };
		833B6DF419FA395C008D439D /* SubviewGesturesView.swift */ = {isa = PBXFileReference; fileEncoding = 4; lastKnownFileType = sourcecode.swift; name = SubviewGesturesView.swift; path = Sources/SubviewGesturesView.swift; sourceTree = "<group>"; };
		833B6DF519FA395C008D439D /* UIView+FrameAdditions.swift */ = {isa = PBXFileReference; fileEncoding = 4; lastKnownFileType = sourcecode.swift; name = "UIView+FrameAdditions.swift"; path = "Sources/UIView+FrameAdditions.swift"; sourceTree = "<group>"; };
		834DE17419F51BF30098928F /* SmudgeMenu-Bridging-Header.h */ = {isa = PBXFileReference; lastKnownFileType = sourcecode.c.h; path = "SmudgeMenu-Bridging-Header.h"; sourceTree = "<group>"; };
		83E90A7A19F511CF00C2D265 /* SmudgeMenu.app */ = {isa = PBXFileReference; explicitFileType = wrapper.application; includeInIndex = 0; path = SmudgeMenu.app; sourceTree = BUILT_PRODUCTS_DIR; };
		83E90A7E19F511CF00C2D265 /* Info.plist */ = {isa = PBXFileReference; lastKnownFileType = text.plist.xml; path = Info.plist; sourceTree = "<group>"; };
		83E90A8F19F511CF00C2D265 /* SmudgeMenuTests.xctest */ = {isa = PBXFileReference; explicitFileType = wrapper.cfbundle; includeInIndex = 0; path = SmudgeMenuTests.xctest; sourceTree = BUILT_PRODUCTS_DIR; };
		83E90A9419F511CF00C2D265 /* Info.plist */ = {isa = PBXFileReference; lastKnownFileType = text.plist.xml; path = Info.plist; sourceTree = "<group>"; };
		83E90A9519F511CF00C2D265 /* SmudgeMenuTests.swift */ = {isa = PBXFileReference; lastKnownFileType = sourcecode.swift; path = SmudgeMenuTests.swift; sourceTree = "<group>"; };
/* End PBXFileReference section */

/* Begin PBXFrameworksBuildPhase section */
		83E90A7719F511CF00C2D265 /* Frameworks */ = {
			isa = PBXFrameworksBuildPhase;
			buildActionMask = 2147483647;
			files = (
				38C7E0D6DFFF2DE721A69D3E /* libPods.a in Frameworks */,
			);
			runOnlyForDeploymentPostprocessing = 0;
		};
		83E90A8C19F511CF00C2D265 /* Frameworks */ = {
			isa = PBXFrameworksBuildPhase;
			buildActionMask = 2147483647;
			files = (
			);
			runOnlyForDeploymentPostprocessing = 0;
		};
/* End PBXFrameworksBuildPhase section */

/* Begin PBXGroup section */
		1502CA24727D22956C0BE276 /* Frameworks */ = {
			isa = PBXGroup;
			children = (
				28B1A254CD9ADD702A3E710E /* libPods.a */,
			);
			name = Frameworks;
			sourceTree = "<group>";
		};
		833B6DE319FA38F0008D439D /* resources */ = {
			isa = PBXGroup;
			children = (
				833B6DDB19FA38E9008D439D /* Icons.storyboard */,
				833B6DDC19FA38E9008D439D /* LaunchScreen.xib */,
				833B6DDD19FA38E9008D439D /* Main.storyboard */,
				833B6DDE19FA38E9008D439D /* Pages.storyboard */,
				833B6DD919FA38D2008D439D /* Images.xcassets */,
			);
			name = resources;
			sourceTree = "<group>";
		};
		83E90A7119F511CF00C2D265 = {
			isa = PBXGroup;
			children = (
				83E90A7C19F511CF00C2D265 /* SmudgeMenu */,
				83E90A9219F511CF00C2D265 /* SmudgeMenuTests */,
				83E90A7B19F511CF00C2D265 /* Products */,
				A7F7AC1833DCCDDE2ABE0879 /* Pods */,
				1502CA24727D22956C0BE276 /* Frameworks */,
			);
			sourceTree = "<group>";
		};
		83E90A7B19F511CF00C2D265 /* Products */ = {
			isa = PBXGroup;
			children = (
				83E90A7A19F511CF00C2D265 /* SmudgeMenu.app */,
				83E90A8F19F511CF00C2D265 /* SmudgeMenuTests.xctest */,
			);
			name = Products;
			sourceTree = "<group>";
		};
		83E90A7C19F511CF00C2D265 /* SmudgeMenu */ = {
			isa = PBXGroup;
			children = (
				833B6DE319FA38F0008D439D /* resources */,
				833B6DE419FA3943008D439D /* AppDelegate.swift */,
				833B6DE619FA394A008D439D /* ViewController.swift */,
				834DE17419F51BF30098928F /* SmudgeMenu-Bridging-Header.h */,
				83E90AB719F5130300C2D265 /* menu */,
				83E90AB619F512F300C2D265 /* utilities */,
				83E90A7D19F511CF00C2D265 /* Supporting Files */,
			);
			path = SmudgeMenu;
			sourceTree = "<group>";
		};
		83E90A7D19F511CF00C2D265 /* Supporting Files */ = {
			isa = PBXGroup;
			children = (
				83E90A7E19F511CF00C2D265 /* Info.plist */,
			);
			name = "Supporting Files";
			sourceTree = "<group>";
		};
		83E90A9219F511CF00C2D265 /* SmudgeMenuTests */ = {
			isa = PBXGroup;
			children = (
				83E90A9519F511CF00C2D265 /* SmudgeMenuTests.swift */,
				83E90A9319F511CF00C2D265 /* Supporting Files */,
			);
			path = SmudgeMenuTests;
			sourceTree = "<group>";
		};
		83E90A9319F511CF00C2D265 /* Supporting Files */ = {
			isa = PBXGroup;
			children = (
				83E90A9419F511CF00C2D265 /* Info.plist */,
			);
			name = "Supporting Files";
			sourceTree = "<group>";
		};
		83E90AB619F512F300C2D265 /* utilities */ = {
			isa = PBXGroup;
			children = (
				833B6DE919FA395C008D439D /* CGPoint+Additions.swift */,
				833B6DEA19FA395C008D439D /* ObserverPattern.swift */,
				833B6DF519FA395C008D439D /* UIView+FrameAdditions.swift */,
				833B6DF419FA395C008D439D /* SubviewGesturesView.swift */,
			);
			name = utilities;
			sourceTree = "<group>";
		};
		83E90AB719F5130300C2D265 /* menu */ = {
			isa = PBXGroup;
			children = (
				833B6DEB19FA395C008D439D /* SMGCircleView.swift */,
				833B6DEC19FA395C008D439D /* SMGHandles.swift */,
				833B6DED19FA395C008D439D /* SMGHandleView.swift */,
				833B6DEE19FA395C008D439D /* SMGIcons.swift */,
				833B6DEF19FA395C008D439D /* SMGMenu.swift */,
				833B6DF019FA395C008D439D /* SMGMenuItem.swift */,
				833B6DF119FA395C008D439D /* SMGModel.swift */,
				833B6DF219FA395C008D439D /* SMGPages.swift */,
				833B6DF319FA395C008D439D /* SMGView.swift */,
			);
			name = menu;
			sourceTree = "<group>";
		};
		A7F7AC1833DCCDDE2ABE0879 /* Pods */ = {
			isa = PBXGroup;
			children = (
				162A88530B84381524BC1B40 /* Pods.debug.xcconfig */,
				6B5CB45DA907A3A26D048316 /* Pods.release.xcconfig */,
			);
			name = Pods;
			sourceTree = "<group>";
		};
/* End PBXGroup section */

/* Begin PBXNativeTarget section */
		83E90A7919F511CF00C2D265 /* SmudgeMenu */ = {
			isa = PBXNativeTarget;
			buildConfigurationList = 83E90A9919F511CF00C2D265 /* Build configuration list for PBXNativeTarget "SmudgeMenu" */;
			buildPhases = (
				D336504CA843289A0FDC1DAE /* Check Pods Manifest.lock */,
				83E90A7619F511CF00C2D265 /* Sources */,
				83E90A7719F511CF00C2D265 /* Frameworks */,
				83E90A7819F511CF00C2D265 /* Resources */,
				455D24F3550ABCB31A945566 /* Copy Pods Resources */,
			);
			buildRules = (
			);
			dependencies = (
			);
			name = SmudgeMenu;
			productName = SmudgeMenu;
			productReference = 83E90A7A19F511CF00C2D265 /* SmudgeMenu.app */;
			productType = "com.apple.product-type.application";
		};
		83E90A8E19F511CF00C2D265 /* SmudgeMenuTests */ = {
			isa = PBXNativeTarget;
			buildConfigurationList = 83E90A9C19F511CF00C2D265 /* Build configuration list for PBXNativeTarget "SmudgeMenuTests" */;
			buildPhases = (
				83E90A8B19F511CF00C2D265 /* Sources */,
				83E90A8C19F511CF00C2D265 /* Frameworks */,
				83E90A8D19F511CF00C2D265 /* Resources */,
			);
			buildRules = (
			);
			dependencies = (
				83E90A9119F511CF00C2D265 /* PBXTargetDependency */,
			);
			name = SmudgeMenuTests;
			productName = SmudgeMenuTests;
			productReference = 83E90A8F19F511CF00C2D265 /* SmudgeMenuTests.xctest */;
			productType = "com.apple.product-type.bundle.unit-test";
		};
/* End PBXNativeTarget section */

/* Begin PBXProject section */
		83E90A7219F511CF00C2D265 /* Project object */ = {
			isa = PBXProject;
			attributes = {
				LastUpgradeCheck = 0600;
				ORGANIZATIONNAME = Motrr;
				TargetAttributes = {
					83E90A7919F511CF00C2D265 = {
						CreatedOnToolsVersion = 6.0.1;
					};
					83E90A8E19F511CF00C2D265 = {
						CreatedOnToolsVersion = 6.0.1;
						TestTargetID = 83E90A7919F511CF00C2D265;
					};
				};
			};
			buildConfigurationList = 83E90A7519F511CF00C2D265 /* Build configuration list for PBXProject "SmudgeMenu" */;
			compatibilityVersion = "Xcode 3.2";
			developmentRegion = English;
			hasScannedForEncodings = 0;
			knownRegions = (
				en,
				Base,
			);
			mainGroup = 83E90A7119F511CF00C2D265;
			productRefGroup = 83E90A7B19F511CF00C2D265 /* Products */;
			projectDirPath = "";
			projectRoot = "";
			targets = (
				83E90A7919F511CF00C2D265 /* SmudgeMenu */,
				83E90A8E19F511CF00C2D265 /* SmudgeMenuTests */,
			);
		};
/* End PBXProject section */

/* Begin PBXResourcesBuildPhase section */
		83E90A7819F511CF00C2D265 /* Resources */ = {
			isa = PBXResourcesBuildPhase;
			buildActionMask = 2147483647;
			files = (
				833B6DDA19FA38D2008D439D /* Images.xcassets in Resources */,
				833B6DE019FA38E9008D439D /* LaunchScreen.xib in Resources */,
				833B6DDF19FA38E9008D439D /* Icons.storyboard in Resources */,
				833B6DE119FA38E9008D439D /* Main.storyboard in Resources */,
				833B6DE219FA38E9008D439D /* Pages.storyboard in Resources */,
			);
			runOnlyForDeploymentPostprocessing = 0;
		};
		83E90A8D19F511CF00C2D265 /* Resources */ = {
			isa = PBXResourcesBuildPhase;
			buildActionMask = 2147483647;
			files = (
			);
			runOnlyForDeploymentPostprocessing = 0;
		};
/* End PBXResourcesBuildPhase section */

/* Begin PBXShellScriptBuildPhase section */
		455D24F3550ABCB31A945566 /* Copy Pods Resources */ = {
			isa = PBXShellScriptBuildPhase;
			buildActionMask = 2147483647;
			files = (
			);
			inputPaths = (
			);
			name = "Copy Pods Resources";
			outputPaths = (
			);
			runOnlyForDeploymentPostprocessing = 0;
			shellPath = /bin/sh;
			shellScript = "\"${SRCROOT}/Pods/Target Support Files/Pods/Pods-resources.sh\"\n";
			showEnvVarsInLog = 0;
		};
		D336504CA843289A0FDC1DAE /* Check Pods Manifest.lock */ = {
			isa = PBXShellScriptBuildPhase;
			buildActionMask = 2147483647;
			files = (
			);
			inputPaths = (
			);
			name = "Check Pods Manifest.lock";
			outputPaths = (
			);
			runOnlyForDeploymentPostprocessing = 0;
			shellPath = /bin/sh;
			shellScript = "diff \"${PODS_ROOT}/../Podfile.lock\" \"${PODS_ROOT}/Manifest.lock\" > /dev/null\nif [[ $? != 0 ]] ; then\n    cat << EOM\nerror: The sandbox is not in sync with the Podfile.lock. Run 'pod install' or update your CocoaPods installation.\nEOM\n    exit 1\nfi\n";
			showEnvVarsInLog = 0;
		};
/* End PBXShellScriptBuildPhase section */

/* Begin PBXSourcesBuildPhase section */
		83E90A7619F511CF00C2D265 /* Sources */ = {
			isa = PBXSourcesBuildPhase;
			buildActionMask = 2147483647;
			files = (
				833B6DF819FA395C008D439D /* CGPoint+Additions.swift in Sources */,
				833B6DF919FA395C008D439D /* ObserverPattern.swift in Sources */,
				833B6DFD19FA395C008D439D /* SMGIcons.swift in Sources */,
				833B6DE519FA3943008D439D /* AppDelegate.swift in Sources */,
				833B6E0119FA395C008D439D /* SMGPages.swift in Sources */,
				833B6DFE19FA395C008D439D /* SMGMenu.swift in Sources */,
				833B6E0319FA395C008D439D /* SubviewGesturesView.swift in Sources */,
				833B6DE719FA394A008D439D /* ViewController.swift in Sources */,
				833B6DFB19FA395C008D439D /* SMGHandles.swift in Sources */,
				833B6DFC19FA395C008D439D /* SMGHandleView.swift in Sources */,
				833B6E0219FA395C008D439D /* SMGView.swift in Sources */,
				833B6E0019FA395C008D439D /* SMGModel.swift in Sources */,
				833B6DFA19FA395C008D439D /* SMGCircleView.swift in Sources */,
				833B6E0419FA395C008D439D /* UIView+FrameAdditions.swift in Sources */,
				833B6DFF19FA395C008D439D /* SMGMenuItem.swift in Sources */,
			);
			runOnlyForDeploymentPostprocessing = 0;
		};
		83E90A8B19F511CF00C2D265 /* Sources */ = {
			isa = PBXSourcesBuildPhase;
			buildActionMask = 2147483647;
			files = (
				83E90A9619F511CF00C2D265 /* SmudgeMenuTests.swift in Sources */,
			);
			runOnlyForDeploymentPostprocessing = 0;
		};
/* End PBXSourcesBuildPhase section */

/* Begin PBXTargetDependency section */
		83E90A9119F511CF00C2D265 /* PBXTargetDependency */ = {
			isa = PBXTargetDependency;
			target = 83E90A7919F511CF00C2D265 /* SmudgeMenu */;
			targetProxy = 83E90A9019F511CF00C2D265 /* PBXContainerItemProxy */;
		};
/* End PBXTargetDependency section */

/* Begin XCBuildConfiguration section */
		83E90A9719F511CF00C2D265 /* Debug */ = {
			isa = XCBuildConfiguration;
			buildSettings = {
				ALWAYS_SEARCH_USER_PATHS = NO;
				CLANG_CXX_LANGUAGE_STANDARD = "gnu++0x";
				CLANG_CXX_LIBRARY = "libc++";
				CLANG_ENABLE_MODULES = YES;
				CLANG_ENABLE_OBJC_ARC = YES;
				CLANG_WARN_BOOL_CONVERSION = YES;
				CLANG_WARN_CONSTANT_CONVERSION = YES;
				CLANG_WARN_DIRECT_OBJC_ISA_USAGE = YES_ERROR;
				CLANG_WARN_EMPTY_BODY = YES;
				CLANG_WARN_ENUM_CONVERSION = YES;
				CLANG_WARN_INT_CONVERSION = YES;
				CLANG_WARN_OBJC_ROOT_CLASS = YES_ERROR;
				CLANG_WARN_UNREACHABLE_CODE = YES;
				CLANG_WARN__DUPLICATE_METHOD_MATCH = YES;
				"CODE_SIGN_IDENTITY[sdk=iphoneos*]" = "iPhone Developer";
				COPY_PHASE_STRIP = NO;
				ENABLE_STRICT_OBJC_MSGSEND = YES;
				GCC_C_LANGUAGE_STANDARD = gnu99;
				GCC_DYNAMIC_NO_PIC = NO;
				GCC_OPTIMIZATION_LEVEL = 0;
				GCC_PREPROCESSOR_DEFINITIONS = (
					"DEBUG=1",
					"$(inherited)",
				);
				GCC_SYMBOLS_PRIVATE_EXTERN = NO;
				GCC_WARN_64_TO_32_BIT_CONVERSION = YES;
				GCC_WARN_ABOUT_RETURN_TYPE = YES_ERROR;
				GCC_WARN_UNDECLARED_SELECTOR = YES;
				GCC_WARN_UNINITIALIZED_AUTOS = YES_AGGRESSIVE;
				GCC_WARN_UNUSED_FUNCTION = YES;
				GCC_WARN_UNUSED_VARIABLE = YES;
				IPHONEOS_DEPLOYMENT_TARGET = 8.0;
				MTL_ENABLE_DEBUG_INFO = YES;
				ONLY_ACTIVE_ARCH = YES;
				SDKROOT = iphoneos;
				SWIFT_OPTIMIZATION_LEVEL = "-Onone";
				TARGETED_DEVICE_FAMILY = "1,2";
			};
			name = Debug;
		};
		83E90A9819F511CF00C2D265 /* Release */ = {
			isa = XCBuildConfiguration;
			buildSettings = {
				ALWAYS_SEARCH_USER_PATHS = NO;
				CLANG_CXX_LANGUAGE_STANDARD = "gnu++0x";
				CLANG_CXX_LIBRARY = "libc++";
				CLANG_ENABLE_MODULES = YES;
				CLANG_ENABLE_OBJC_ARC = YES;
				CLANG_WARN_BOOL_CONVERSION = YES;
				CLANG_WARN_CONSTANT_CONVERSION = YES;
				CLANG_WARN_DIRECT_OBJC_ISA_USAGE = YES_ERROR;
				CLANG_WARN_EMPTY_BODY = YES;
				CLANG_WARN_ENUM_CONVERSION = YES;
				CLANG_WARN_INT_CONVERSION = YES;
				CLANG_WARN_OBJC_ROOT_CLASS = YES_ERROR;
				CLANG_WARN_UNREACHABLE_CODE = YES;
				CLANG_WARN__DUPLICATE_METHOD_MATCH = YES;
				"CODE_SIGN_IDENTITY[sdk=iphoneos*]" = "iPhone Developer";
				COPY_PHASE_STRIP = YES;
				ENABLE_NS_ASSERTIONS = NO;
				ENABLE_STRICT_OBJC_MSGSEND = YES;
				GCC_C_LANGUAGE_STANDARD = gnu99;
				GCC_WARN_64_TO_32_BIT_CONVERSION = YES;
				GCC_WARN_ABOUT_RETURN_TYPE = YES_ERROR;
				GCC_WARN_UNDECLARED_SELECTOR = YES;
				GCC_WARN_UNINITIALIZED_AUTOS = YES_AGGRESSIVE;
				GCC_WARN_UNUSED_FUNCTION = YES;
				GCC_WARN_UNUSED_VARIABLE = YES;
				IPHONEOS_DEPLOYMENT_TARGET = 8.0;
				MTL_ENABLE_DEBUG_INFO = NO;
				SDKROOT = iphoneos;
				TARGETED_DEVICE_FAMILY = "1,2";
				VALIDATE_PRODUCT = YES;
			};
			name = Release;
		};
		83E90A9A19F511CF00C2D265 /* Debug */ = {
			isa = XCBuildConfiguration;
			baseConfigurationReference = 162A88530B84381524BC1B40 /* Pods.debug.xcconfig */;
			buildSettings = {
				ASSETCATALOG_COMPILER_APPICON_NAME = AppIcon;
				CLANG_ENABLE_MODULES = YES;
				"CODE_SIGN_IDENTITY[sdk=iphoneos*]" = "iPhone Developer: Christopher Harding (M42667LZAH)";
				INFOPLIST_FILE = SmudgeMenu/Info.plist;
				LD_RUNPATH_SEARCH_PATHS = "$(inherited) @executable_path/Frameworks";
				PRODUCT_NAME = "$(TARGET_NAME)";
				PROVISIONING_PROFILE = "02759638-b77d-4c57-b380-40a0ec4d3925";
				SWIFT_INSTALL_OBJC_HEADER = YES;
				SWIFT_OBJC_BRIDGING_HEADER = "SmudgeMenu/SmudgeMenu-Bridging-Header.h";
				SWIFT_OPTIMIZATION_LEVEL = "-Onone";
			};
			name = Debug;
		};
		83E90A9B19F511CF00C2D265 /* Release */ = {
			isa = XCBuildConfiguration;
			baseConfigurationReference = 6B5CB45DA907A3A26D048316 /* Pods.release.xcconfig */;
			buildSettings = {
				ASSETCATALOG_COMPILER_APPICON_NAME = AppIcon;
				CLANG_ENABLE_MODULES = YES;
				INFOPLIST_FILE = SmudgeMenu/Info.plist;
				LD_RUNPATH_SEARCH_PATHS = "$(inherited) @executable_path/Frameworks";
				PRODUCT_NAME = "$(TARGET_NAME)";
				PROVISIONING_PROFILE = "02759638-b77d-4c57-b380-40a0ec4d3925";
				SWIFT_INSTALL_OBJC_HEADER = YES;
				SWIFT_OBJC_BRIDGING_HEADER = "SmudgeMenu/SmudgeMenu-Bridging-Header.h";
			};
			name = Release;
		};
		83E90A9D19F511CF00C2D265 /* Debug */ = {
			isa = XCBuildConfiguration;
			buildSettings = {
				BUNDLE_LOADER = "$(TEST_HOST)";
				FRAMEWORK_SEARCH_PATHS = (
					"$(SDKROOT)/Developer/Library/Frameworks",
					"$(inherited)",
				);
				GCC_PREPROCESSOR_DEFINITIONS = (
					"DEBUG=1",
					"$(inherited)",
				);
				INFOPLIST_FILE = SmudgeMenuTests/Info.plist;
				LD_RUNPATH_SEARCH_PATHS = "$(inherited) @executable_path/Frameworks @loader_path/Frameworks";
				PRODUCT_NAME = "$(TARGET_NAME)";
				TEST_HOST = "$(BUILT_PRODUCTS_DIR)/SmudgeMenu.app/SmudgeMenu";
			};
			name = Debug;
		};
		83E90A9E19F511CF00C2D265 /* Release */ = {
			isa = XCBuildConfiguration;
			buildSettings = {
				BUNDLE_LOADER = "$(TEST_HOST)";
				FRAMEWORK_SEARCH_PATHS = (
					"$(SDKROOT)/Developer/Library/Frameworks",
					"$(inherited)",
				);
				INFOPLIST_FILE = SmudgeMenuTests/Info.plist;
				LD_RUNPATH_SEARCH_PATHS = "$(inherited) @executable_path/Frameworks @loader_path/Frameworks";
				PRODUCT_NAME = "$(TARGET_NAME)";
				TEST_HOST = "$(BUILT_PRODUCTS_DIR)/SmudgeMenu.app/SmudgeMenu";
			};
			name = Release;
		};
/* End XCBuildConfiguration section */

/* Begin XCConfigurationList section */
		83E90A7519F511CF00C2D265 /* Build configuration list for PBXProject "SmudgeMenu" */ = {
			isa = XCConfigurationList;
			buildConfigurations = (
				83E90A9719F511CF00C2D265 /* Debug */,
				83E90A9819F511CF00C2D265 /* Release */,
			);
			defaultConfigurationIsVisible = 0;
			defaultConfigurationName = Release;
		};
		83E90A9919F511CF00C2D265 /* Build configuration list for PBXNativeTarget "SmudgeMenu" */ = {
			isa = XCConfigurationList;
			buildConfigurations = (
				83E90A9A19F511CF00C2D265 /* Debug */,
				83E90A9B19F511CF00C2D265 /* Release */,
			);
			defaultConfigurationIsVisible = 0;
			defaultConfigurationName = Release;
		};
		83E90A9C19F511CF00C2D265 /* Build configuration list for PBXNativeTarget "SmudgeMenuTests" */ = {
			isa = XCConfigurationList;
			buildConfigurations = (
				83E90A9D19F511CF00C2D265 /* Debug */,
				83E90A9E19F511CF00C2D265 /* Release */,
			);
			defaultConfigurationIsVisible = 0;
			defaultConfigurationName = Release;
		};
/* End XCConfigurationList section */
	};
	rootObject = 83E90A7219F511CF00C2D265 /* Project object */;
}
