// !$*UTF8*$!
{
	archiveVersion = 1;
	classes = {
	};
	objectVersion = 46;
	objects = {

/* Begin PBXBuildFile section */
		38C7E0D6DFFF2DE721A69D3E /* libPods.a in Frameworks */ = {isa = PBXBuildFile; fileRef = 28B1A254CD9ADD702A3E710E /* libPods.a */; };
		83278CC21A2C12AE0073C848 /* SMGModelController.swift in Sources */ = {isa = PBXBuildFile; fileRef = 83278CC11A2C12AE0073C848 /* SMGModelController.swift */; };
		83278CC41A2C17B70073C848 /* SMGModelNotifyController.swift in Sources */ = {isa = PBXBuildFile; fileRef = 83278CC31A2C17B70073C848 /* SMGModelNotifyController.swift */; };
		83278CC61A2C1A770073C848 /* SMGTappableView.swift in Sources */ = {isa = PBXBuildFile; fileRef = 83278CC51A2C1A770073C848 /* SMGTappableView.swift */; };
		8328E66A1A17274E0099C689 /* SMGModel.swift in Sources */ = {isa = PBXBuildFile; fileRef = 8328E6691A17274E0099C689 /* SMGModel.swift */; };
		8328E66C1A17361B0099C689 /* SMGMenuController.swift in Sources */ = {isa = PBXBuildFile; fileRef = 8328E66B1A17361B0099C689 /* SMGMenuController.swift */; };
		8328E66E1A1737200099C689 /* SMGInputModel.swift in Sources */ = {isa = PBXBuildFile; fileRef = 8328E66D1A1737200099C689 /* SMGInputModel.swift */; };
		8329EF8C1A1C306E00C41563 /* SMGSmudgeCurveController.swift in Sources */ = {isa = PBXBuildFile; fileRef = 8329EF8B1A1C306E00C41563 /* SMGSmudgeCurveController.swift */; };
		8329EF8E1A1C6D0400C41563 /* SMGSmudgeMenuViewController.swift in Sources */ = {isa = PBXBuildFile; fileRef = 8329EF8D1A1C6D0400C41563 /* SMGSmudgeMenuViewController.swift */; };
		8329EF901A1C704200C41563 /* SMGHandleHelperView.swift in Sources */ = {isa = PBXBuildFile; fileRef = 8329EF8F1A1C704200C41563 /* SMGHandleHelperView.swift */; };
		832B57791A1C8C97001B9BF1 /* SMGPointIndicatorView.swift in Sources */ = {isa = PBXBuildFile; fileRef = 832B57781A1C8C97001B9BF1 /* SMGPointIndicatorView.swift */; };
		832B577C1A1CC962001B9BF1 /* SMGSmudgeViewController.swift in Sources */ = {isa = PBXBuildFile; fileRef = 832B577B1A1CC962001B9BF1 /* SMGSmudgeViewController.swift */; };
		833B6DDA19FA38D2008D439D /* Images.xcassets in Resources */ = {isa = PBXBuildFile; fileRef = 833B6DD919FA38D2008D439D /* Images.xcassets */; };
		833B6DDF19FA38E9008D439D /* Icons.storyboard in Resources */ = {isa = PBXBuildFile; fileRef = 833B6DDB19FA38E9008D439D /* Icons.storyboard */; };
		833B6DE019FA38E9008D439D /* LaunchScreen.xib in Resources */ = {isa = PBXBuildFile; fileRef = 833B6DDC19FA38E9008D439D /* LaunchScreen.xib */; };
		833B6DE119FA38E9008D439D /* Main.storyboard in Resources */ = {isa = PBXBuildFile; fileRef = 833B6DDD19FA38E9008D439D /* Main.storyboard */; };
		833B6DE219FA38E9008D439D /* Pages.storyboard in Resources */ = {isa = PBXBuildFile; fileRef = 833B6DDE19FA38E9008D439D /* Pages.storyboard */; };
		833B6DE519FA3943008D439D /* AppDelegate.swift in Sources */ = {isa = PBXBuildFile; fileRef = 833B6DE419FA3943008D439D /* AppDelegate.swift */; };
		833B6DE719FA394A008D439D /* ViewController.swift in Sources */ = {isa = PBXBuildFile; fileRef = 833B6DE619FA394A008D439D /* ViewController.swift */; };
		837393F21A26189700F49B23 /* SMGNoHitView.swift in Sources */ = {isa = PBXBuildFile; fileRef = 837393F11A26189700F49B23 /* SMGNoHitView.swift */; };
		837393F41A2861F200F49B23 /* SMGMainMenuIconContainerViewController.swift in Sources */ = {isa = PBXBuildFile; fileRef = 837393F31A2861F200F49B23 /* SMGMainMenuIconContainerViewController.swift */; };
		837393F61A28644000F49B23 /* SMGIconContainerViewController.swift in Sources */ = {isa = PBXBuildFile; fileRef = 837393F51A28644000F49B23 /* SMGIconContainerViewController.swift */; };
		83916E3D1A2E070C00E82A68 /* SMGBackButtonController.swift in Sources */ = {isa = PBXBuildFile; fileRef = 83916E3C1A2E070C00E82A68 /* SMGBackButtonController.swift */; };
		839509BE1A24606A0085B91D /* SMGBezierCurve.swift in Sources */ = {isa = PBXBuildFile; fileRef = 839509BD1A24606A0085B91D /* SMGBezierCurve.swift */; };
		83A888A21A1D781F00A8713C /* SMGSmudgeView.swift in Sources */ = {isa = PBXBuildFile; fileRef = 83A888A11A1D781F00A8713C /* SMGSmudgeView.swift */; };
		83A888A41A1DBCD500A8713C /* SMGSmudgeTransitionController.swift in Sources */ = {isa = PBXBuildFile; fileRef = 83A888A31A1DBCD500A8713C /* SMGSmudgeTransitionController.swift */; };
		83AC35461A19A40F00A9E56C /* SMGSmudgeHandlesController.swift in Sources */ = {isa = PBXBuildFile; fileRef = 83AC35451A19A40F00A9E56C /* SMGSmudgeHandlesController.swift */; };
		83AC35481A19B28300A9E56C /* SMGMenuViewController.swift in Sources */ = {isa = PBXBuildFile; fileRef = 83AC35471A19B28300A9E56C /* SMGMenuViewController.swift */; };
		83AC354A1A19BFF500A9E56C /* SMGSmudgeHandleViewController.swift in Sources */ = {isa = PBXBuildFile; fileRef = 83AC35491A19BFF500A9E56C /* SMGSmudgeHandleViewController.swift */; };
		83AC354C1A19F3A300A9E56C /* SMGDraggableView.swift in Sources */ = {isa = PBXBuildFile; fileRef = 83AC354B1A19F3A300A9E56C /* SMGDraggableView.swift */; };
		83AC354E1A19F3C300A9E56C /* SMGUIView+Circle.swift in Sources */ = {isa = PBXBuildFile; fileRef = 83AC354D1A19F3C300A9E56C /* SMGUIView+Circle.swift */; };
		83AC35501A19F47700A9E56C /* SMGDraggableCircleView.swift in Sources */ = {isa = PBXBuildFile; fileRef = 83AC354F1A19F47700A9E56C /* SMGDraggableCircleView.swift */; };
		83AE964A1A1AF5BA005FAF30 /* SMGConstraintMath.swift in Sources */ = {isa = PBXBuildFile; fileRef = 83AE96491A1AF5BA005FAF30 /* SMGConstraintMath.swift */; };
		83AE964E1A1B0B7F005FAF30 /* SMGMisc.swift in Sources */ = {isa = PBXBuildFile; fileRef = 83AE964D1A1B0B7F005FAF30 /* SMGMisc.swift */; };
		83AE96521A1B7B8A005FAF30 /* SMGSmudgeDebugViewController.swift in Sources */ = {isa = PBXBuildFile; fileRef = 83AE96511A1B7B8A005FAF30 /* SMGSmudgeDebugViewController.swift */; };
		83AE96541A1B7CA0005FAF30 /* SMGSmudgeHandleView.swift in Sources */ = {isa = PBXBuildFile; fileRef = 83AE96531A1B7CA0005FAF30 /* SMGSmudgeHandleView.swift */; };
		83AE96561A1B7CD5005FAF30 /* SMGCircleView.swift in Sources */ = {isa = PBXBuildFile; fileRef = 83AE96551A1B7CD5005FAF30 /* SMGCircleView.swift */; };
		83AE965B1A1B7D8C005FAF30 /* SMGCurveView.swift in Sources */ = {isa = PBXBuildFile; fileRef = 83AE965A1A1B7D8C005FAF30 /* SMGCurveView.swift */; };
		83CEBAD41A248BC5006B265E /* SMGPageContainerViewController.swift in Sources */ = {isa = PBXBuildFile; fileRef = 83CEBAD31A248BC5006B265E /* SMGPageContainerViewController.swift */; };
		83E0ADD31A18A8540016C442 /* View+Snappy.swift in Sources */ = {isa = PBXBuildFile; fileRef = 83E0ADC81A18A8540016C442 /* View+Snappy.swift */; };
		83E0ADD41A18A8540016C442 /* ConstraintMaker.swift in Sources */ = {isa = PBXBuildFile; fileRef = 83E0ADC91A18A8540016C442 /* ConstraintMaker.swift */; };
		83E0ADD51A18A8540016C442 /* Constraint.swift in Sources */ = {isa = PBXBuildFile; fileRef = 83E0ADCA1A18A8540016C442 /* Constraint.swift */; };
		83E0ADD61A18A8540016C442 /* ConstraintItem.swift in Sources */ = {isa = PBXBuildFile; fileRef = 83E0ADCB1A18A8540016C442 /* ConstraintItem.swift */; };
		83E0ADD71A18A8540016C442 /* ConstraintAttributes.swift in Sources */ = {isa = PBXBuildFile; fileRef = 83E0ADCC1A18A8540016C442 /* ConstraintAttributes.swift */; };
		83E0ADD81A18A8540016C442 /* ConstraintRelation.swift in Sources */ = {isa = PBXBuildFile; fileRef = 83E0ADCD1A18A8540016C442 /* ConstraintRelation.swift */; };
		83E0ADD91A18A8540016C442 /* LayoutConstraint.swift in Sources */ = {isa = PBXBuildFile; fileRef = 83E0ADCE1A18A8540016C442 /* LayoutConstraint.swift */; };
		83E0ADDA1A18A8540016C442 /* EdgeInsets.swift in Sources */ = {isa = PBXBuildFile; fileRef = 83E0ADCF1A18A8540016C442 /* EdgeInsets.swift */; };
		83E0ADDB1A18A8540016C442 /* Info.plist in Resources */ = {isa = PBXBuildFile; fileRef = 83E0ADD01A18A8540016C442 /* Info.plist */; };
		83E0ADDD1A18CCAB0016C442 /* SMGMenuItemsController.swift in Sources */ = {isa = PBXBuildFile; fileRef = 83E0ADDC1A18CCAB0016C442 /* SMGMenuItemsController.swift */; };
		83E0ADDF1A18CCBB0016C442 /* SMGPagesViewController.swift in Sources */ = {isa = PBXBuildFile; fileRef = 83E0ADDE1A18CCBB0016C442 /* SMGPagesViewController.swift */; };
		83E0ADE11A18CD6B0016C442 /* SMGSmudgeHandlesViewController.swift in Sources */ = {isa = PBXBuildFile; fileRef = 83E0ADE01A18CD6B0016C442 /* SMGSmudgeHandlesViewController.swift */; };
		83E0ADE31A18D1780016C442 /* SMGUIViewController+Child.swift in Sources */ = {isa = PBXBuildFile; fileRef = 83E0ADE21A18D1780016C442 /* SMGUIViewController+Child.swift */; };
		83E90A9619F511CF00C2D265 /* SmudgeMenuTests.swift in Sources */ = {isa = PBXBuildFile; fileRef = 83E90A9519F511CF00C2D265 /* SmudgeMenuTests.swift */; };
		83F345AE1A1ED9B70071BAE4 /* SMGSmudgeIconsViewController.swift in Sources */ = {isa = PBXBuildFile; fileRef = 83F345AD1A1ED9B70071BAE4 /* SMGSmudgeIconsViewController.swift */; };
		83F345B01A1ED9DC0071BAE4 /* SMGSmudgeIconContainerViewController.swift in Sources */ = {isa = PBXBuildFile; fileRef = 83F345AF1A1ED9DC0071BAE4 /* SMGSmudgeIconContainerViewController.swift */; };
		83F345B31A2044C40071BAE4 /* SMGUIProtocols.swift in Sources */ = {isa = PBXBuildFile; fileRef = 83F345B21A2044C40071BAE4 /* SMGUIProtocols.swift */; };
		83F345B51A21A5EA0071BAE4 /* SMGModelObserveController.swift in Sources */ = {isa = PBXBuildFile; fileRef = 83F345B41A21A5EA0071BAE4 /* SMGModelObserveController.swift */; };
		83F345B71A21A8B20071BAE4 /* SMGModelObserveNotifyController.swift in Sources */ = {isa = PBXBuildFile; fileRef = 83F345B61A21A8B20071BAE4 /* SMGModelObserveNotifyController.swift */; };
/* End PBXBuildFile section */

/* Begin PBXContainerItemProxy section */
		83E90A9019F511CF00C2D265 /* PBXContainerItemProxy */ = {
			isa = PBXContainerItemProxy;
			containerPortal = 83E90A7219F511CF00C2D265 /* Project object */;
			proxyType = 1;
			remoteGlobalIDString = 83E90A7919F511CF00C2D265;
			remoteInfo = SmudgeMenu;
		};
/* End PBXContainerItemProxy section */

/* Begin PBXFileReference section */
		162A88530B84381524BC1B40 /* Pods.debug.xcconfig */ = {isa = PBXFileReference; includeInIndex = 1; lastKnownFileType = text.xcconfig; name = Pods.debug.xcconfig; path = "Pods/Target Support Files/Pods/Pods.debug.xcconfig"; sourceTree = "<group>"; };
		28B1A254CD9ADD702A3E710E /* libPods.a */ = {isa = PBXFileReference; explicitFileType = archive.ar; includeInIndex = 0; path = libPods.a; sourceTree = BUILT_PRODUCTS_DIR; };
		6B5CB45DA907A3A26D048316 /* Pods.release.xcconfig */ = {isa = PBXFileReference; includeInIndex = 1; lastKnownFileType = text.xcconfig; name = Pods.release.xcconfig; path = "Pods/Target Support Files/Pods/Pods.release.xcconfig"; sourceTree = "<group>"; };
		83278CC11A2C12AE0073C848 /* SMGModelController.swift */ = {isa = PBXFileReference; fileEncoding = 4; lastKnownFileType = sourcecode.swift; path = SMGModelController.swift; sourceTree = "<group>"; };
		83278CC31A2C17B70073C848 /* SMGModelNotifyController.swift */ = {isa = PBXFileReference; fileEncoding = 4; lastKnownFileType = sourcecode.swift; path = SMGModelNotifyController.swift; sourceTree = "<group>"; };
		83278CC51A2C1A770073C848 /* SMGTappableView.swift */ = {isa = PBXFileReference; fileEncoding = 4; lastKnownFileType = sourcecode.swift; path = SMGTappableView.swift; sourceTree = "<group>"; };
		8328E6691A17274E0099C689 /* SMGModel.swift */ = {isa = PBXFileReference; fileEncoding = 4; lastKnownFileType = sourcecode.swift; path = SMGModel.swift; sourceTree = "<group>"; };
		8328E66B1A17361B0099C689 /* SMGMenuController.swift */ = {isa = PBXFileReference; fileEncoding = 4; lastKnownFileType = sourcecode.swift; path = SMGMenuController.swift; sourceTree = "<group>"; };
		8328E66D1A1737200099C689 /* SMGInputModel.swift */ = {isa = PBXFileReference; fileEncoding = 4; lastKnownFileType = sourcecode.swift; path = SMGInputModel.swift; sourceTree = "<group>"; };
		8329EF8B1A1C306E00C41563 /* SMGSmudgeCurveController.swift */ = {isa = PBXFileReference; fileEncoding = 4; lastKnownFileType = sourcecode.swift; path = SMGSmudgeCurveController.swift; sourceTree = "<group>"; };
		8329EF8D1A1C6D0400C41563 /* SMGSmudgeMenuViewController.swift */ = {isa = PBXFileReference; fileEncoding = 4; lastKnownFileType = sourcecode.swift; path = SMGSmudgeMenuViewController.swift; sourceTree = "<group>"; };
		8329EF8F1A1C704200C41563 /* SMGHandleHelperView.swift */ = {isa = PBXFileReference; fileEncoding = 4; lastKnownFileType = sourcecode.swift; path = SMGHandleHelperView.swift; sourceTree = "<group>"; };
		832B57781A1C8C97001B9BF1 /* SMGPointIndicatorView.swift */ = {isa = PBXFileReference; fileEncoding = 4; lastKnownFileType = sourcecode.swift; path = SMGPointIndicatorView.swift; sourceTree = "<group>"; };
		832B577B1A1CC962001B9BF1 /* SMGSmudgeViewController.swift */ = {isa = PBXFileReference; fileEncoding = 4; lastKnownFileType = sourcecode.swift; path = SMGSmudgeViewController.swift; sourceTree = "<group>"; };
		833B6DD919FA38D2008D439D /* Images.xcassets */ = {isa = PBXFileReference; lastKnownFileType = folder.assetcatalog; name = Images.xcassets; path = Resources/Images.xcassets; sourceTree = "<group>"; };
		833B6DDB19FA38E9008D439D /* Icons.storyboard */ = {isa = PBXFileReference; fileEncoding = 4; lastKnownFileType = file.storyboard; name = Icons.storyboard; path = Resources/Icons.storyboard; sourceTree = "<group>"; };
		833B6DDC19FA38E9008D439D /* LaunchScreen.xib */ = {isa = PBXFileReference; fileEncoding = 4; lastKnownFileType = file.xib; name = LaunchScreen.xib; path = Resources/LaunchScreen.xib; sourceTree = "<group>"; };
		833B6DDD19FA38E9008D439D /* Main.storyboard */ = {isa = PBXFileReference; fileEncoding = 4; lastKnownFileType = file.storyboard; name = Main.storyboard; path = Resources/Main.storyboard; sourceTree = "<group>"; };
		833B6DDE19FA38E9008D439D /* Pages.storyboard */ = {isa = PBXFileReference; fileEncoding = 4; lastKnownFileType = file.storyboard; name = Pages.storyboard; path = Resources/Pages.storyboard; sourceTree = "<group>"; };
		833B6DE419FA3943008D439D /* AppDelegate.swift */ = {isa = PBXFileReference; fileEncoding = 4; lastKnownFileType = sourcecode.swift; name = AppDelegate.swift; path = Sources/AppDelegate.swift; sourceTree = "<group>"; };
		833B6DE619FA394A008D439D /* ViewController.swift */ = {isa = PBXFileReference; fileEncoding = 4; lastKnownFileType = sourcecode.swift; name = ViewController.swift; path = Sources/ViewController.swift; sourceTree = "<group>"; };
		834DE17419F51BF30098928F /* SmudgeMenu-Bridging-Header.h */ = {isa = PBXFileReference; lastKnownFileType = sourcecode.c.h; path = "SmudgeMenu-Bridging-Header.h"; sourceTree = "<group>"; };
		837393F11A26189700F49B23 /* SMGNoHitView.swift */ = {isa = PBXFileReference; fileEncoding = 4; lastKnownFileType = sourcecode.swift; path = SMGNoHitView.swift; sourceTree = "<group>"; };
		837393F31A2861F200F49B23 /* SMGMainMenuIconContainerViewController.swift */ = {isa = PBXFileReference; fileEncoding = 4; lastKnownFileType = sourcecode.swift; path = SMGMainMenuIconContainerViewController.swift; sourceTree = "<group>"; };
		837393F51A28644000F49B23 /* SMGIconContainerViewController.swift */ = {isa = PBXFileReference; fileEncoding = 4; lastKnownFileType = sourcecode.swift; path = SMGIconContainerViewController.swift; sourceTree = "<group>"; };
		83916E3C1A2E070C00E82A68 /* SMGBackButtonController.swift */ = {isa = PBXFileReference; fileEncoding = 4; lastKnownFileType = sourcecode.swift; path = SMGBackButtonController.swift; sourceTree = "<group>"; };
		839509BD1A24606A0085B91D /* SMGBezierCurve.swift */ = {isa = PBXFileReference; fileEncoding = 4; lastKnownFileType = sourcecode.swift; path = SMGBezierCurve.swift; sourceTree = "<group>"; };
		83A888A11A1D781F00A8713C /* SMGSmudgeView.swift */ = {isa = PBXFileReference; fileEncoding = 4; lastKnownFileType = sourcecode.swift; path = SMGSmudgeView.swift; sourceTree = "<group>"; };
		83A888A31A1DBCD500A8713C /* SMGSmudgeTransitionController.swift */ = {isa = PBXFileReference; fileEncoding = 4; lastKnownFileType = sourcecode.swift; path = SMGSmudgeTransitionController.swift; sourceTree = "<group>"; };
		83AC35451A19A40F00A9E56C /* SMGSmudgeHandlesController.swift */ = {isa = PBXFileReference; fileEncoding = 4; lastKnownFileType = sourcecode.swift; path = SMGSmudgeHandlesController.swift; sourceTree = "<group>"; };
		83AC35471A19B28300A9E56C /* SMGMenuViewController.swift */ = {isa = PBXFileReference; fileEncoding = 4; lastKnownFileType = sourcecode.swift; path = SMGMenuViewController.swift; sourceTree = "<group>"; };
		83AC35491A19BFF500A9E56C /* SMGSmudgeHandleViewController.swift */ = {isa = PBXFileReference; fileEncoding = 4; lastKnownFileType = sourcecode.swift; path = SMGSmudgeHandleViewController.swift; sourceTree = "<group>"; };
		83AC354B1A19F3A300A9E56C /* SMGDraggableView.swift */ = {isa = PBXFileReference; fileEncoding = 4; lastKnownFileType = sourcecode.swift; path = SMGDraggableView.swift; sourceTree = "<group>"; };
		83AC354D1A19F3C300A9E56C /* SMGUIView+Circle.swift */ = {isa = PBXFileReference; fileEncoding = 4; lastKnownFileType = sourcecode.swift; path = "SMGUIView+Circle.swift"; sourceTree = "<group>"; };
		83AC354F1A19F47700A9E56C /* SMGDraggableCircleView.swift */ = {isa = PBXFileReference; fileEncoding = 4; lastKnownFileType = sourcecode.swift; path = SMGDraggableCircleView.swift; sourceTree = "<group>"; };
		83AE96491A1AF5BA005FAF30 /* SMGConstraintMath.swift */ = {isa = PBXFileReference; fileEncoding = 4; lastKnownFileType = sourcecode.swift; path = SMGConstraintMath.swift; sourceTree = "<group>"; };
		83AE964D1A1B0B7F005FAF30 /* SMGMisc.swift */ = {isa = PBXFileReference; fileEncoding = 4; lastKnownFileType = sourcecode.swift; path = SMGMisc.swift; sourceTree = "<group>"; };
		83AE96511A1B7B8A005FAF30 /* SMGSmudgeDebugViewController.swift */ = {isa = PBXFileReference; fileEncoding = 4; lastKnownFileType = sourcecode.swift; path = SMGSmudgeDebugViewController.swift; sourceTree = "<group>"; };
		83AE96531A1B7CA0005FAF30 /* SMGSmudgeHandleView.swift */ = {isa = PBXFileReference; fileEncoding = 4; lastKnownFileType = sourcecode.swift; path = SMGSmudgeHandleView.swift; sourceTree = "<group>"; };
		83AE96551A1B7CD5005FAF30 /* SMGCircleView.swift */ = {isa = PBXFileReference; fileEncoding = 4; lastKnownFileType = sourcecode.swift; path = SMGCircleView.swift; sourceTree = "<group>"; };
		83AE965A1A1B7D8C005FAF30 /* SMGCurveView.swift */ = {isa = PBXFileReference; fileEncoding = 4; lastKnownFileType = sourcecode.swift; path = SMGCurveView.swift; sourceTree = "<group>"; };
		83CEBAD31A248BC5006B265E /* SMGPageContainerViewController.swift */ = {isa = PBXFileReference; fileEncoding = 4; lastKnownFileType = sourcecode.swift; path = SMGPageContainerViewController.swift; sourceTree = "<group>"; };
		83E0ADC41A18A8110016C442 /* Snappy.framework */ = {isa = PBXFileReference; explicitFileType = wrapper.framework; name = Snappy.framework; path = "/Users/chris/Library/Developer/Xcode/DerivedData/SmudgeMenu-boahhxwtedobkmbnnmpedxwlwbic/Build/Products/Debug-iphoneos/Snappy.framework"; sourceTree = "<absolute>"; };
		83E0ADC71A18A8540016C442 /* Snappy.h */ = {isa = PBXFileReference; fileEncoding = 4; lastKnownFileType = sourcecode.c.h; path = Snappy.h; sourceTree = "<group>"; };
		83E0ADC81A18A8540016C442 /* View+Snappy.swift */ = {isa = PBXFileReference; fileEncoding = 4; lastKnownFileType = sourcecode.swift; path = "View+Snappy.swift"; sourceTree = "<group>"; };
		83E0ADC91A18A8540016C442 /* ConstraintMaker.swift */ = {isa = PBXFileReference; fileEncoding = 4; lastKnownFileType = sourcecode.swift; path = ConstraintMaker.swift; sourceTree = "<group>"; };
		83E0ADCA1A18A8540016C442 /* Constraint.swift */ = {isa = PBXFileReference; fileEncoding = 4; lastKnownFileType = sourcecode.swift; path = Constraint.swift; sourceTree = "<group>"; };
		83E0ADCB1A18A8540016C442 /* ConstraintItem.swift */ = {isa = PBXFileReference; fileEncoding = 4; lastKnownFileType = sourcecode.swift; path = ConstraintItem.swift; sourceTree = "<group>"; };
		83E0ADCC1A18A8540016C442 /* ConstraintAttributes.swift */ = {isa = PBXFileReference; fileEncoding = 4; lastKnownFileType = sourcecode.swift; path = ConstraintAttributes.swift; sourceTree = "<group>"; };
		83E0ADCD1A18A8540016C442 /* ConstraintRelation.swift */ = {isa = PBXFileReference; fileEncoding = 4; lastKnownFileType = sourcecode.swift; path = ConstraintRelation.swift; sourceTree = "<group>"; };
		83E0ADCE1A18A8540016C442 /* LayoutConstraint.swift */ = {isa = PBXFileReference; fileEncoding = 4; lastKnownFileType = sourcecode.swift; path = LayoutConstraint.swift; sourceTree = "<group>"; };
		83E0ADCF1A18A8540016C442 /* EdgeInsets.swift */ = {isa = PBXFileReference; fileEncoding = 4; lastKnownFileType = sourcecode.swift; path = EdgeInsets.swift; sourceTree = "<group>"; };
		83E0ADD01A18A8540016C442 /* Info.plist */ = {isa = PBXFileReference; fileEncoding = 4; lastKnownFileType = text.plist.xml; path = Info.plist; sourceTree = "<group>"; };
		83E0ADDC1A18CCAB0016C442 /* SMGMenuItemsController.swift */ = {isa = PBXFileReference; fileEncoding = 4; lastKnownFileType = sourcecode.swift; path = SMGMenuItemsController.swift; sourceTree = "<group>"; };
		83E0ADDE1A18CCBB0016C442 /* SMGPagesViewController.swift */ = {isa = PBXFileReference; fileEncoding = 4; lastKnownFileType = sourcecode.swift; path = SMGPagesViewController.swift; sourceTree = "<group>"; };
		83E0ADE01A18CD6B0016C442 /* SMGSmudgeHandlesViewController.swift */ = {isa = PBXFileReference; fileEncoding = 4; lastKnownFileType = sourcecode.swift; path = SMGSmudgeHandlesViewController.swift; sourceTree = "<group>"; };
		83E0ADE21A18D1780016C442 /* SMGUIViewController+Child.swift */ = {isa = PBXFileReference; fileEncoding = 4; lastKnownFileType = sourcecode.swift; path = "SMGUIViewController+Child.swift"; sourceTree = "<group>"; };
		83E90A7A19F511CF00C2D265 /* SmudgeMenu.app */ = {isa = PBXFileReference; explicitFileType = wrapper.application; includeInIndex = 0; path = SmudgeMenu.app; sourceTree = BUILT_PRODUCTS_DIR; };
		83E90A7E19F511CF00C2D265 /* Info.plist */ = {isa = PBXFileReference; lastKnownFileType = text.plist.xml; path = Info.plist; sourceTree = "<group>"; };
		83E90A8F19F511CF00C2D265 /* SmudgeMenuTests.xctest */ = {isa = PBXFileReference; explicitFileType = wrapper.cfbundle; includeInIndex = 0; path = SmudgeMenuTests.xctest; sourceTree = BUILT_PRODUCTS_DIR; };
		83E90A9419F511CF00C2D265 /* Info.plist */ = {isa = PBXFileReference; lastKnownFileType = text.plist.xml; path = Info.plist; sourceTree = "<group>"; };
		83E90A9519F511CF00C2D265 /* SmudgeMenuTests.swift */ = {isa = PBXFileReference; lastKnownFileType = sourcecode.swift; path = SmudgeMenuTests.swift; sourceTree = "<group>"; };
		83F345AD1A1ED9B70071BAE4 /* SMGSmudgeIconsViewController.swift */ = {isa = PBXFileReference; fileEncoding = 4; lastKnownFileType = sourcecode.swift; path = SMGSmudgeIconsViewController.swift; sourceTree = "<group>"; };
		83F345AF1A1ED9DC0071BAE4 /* SMGSmudgeIconContainerViewController.swift */ = {isa = PBXFileReference; fileEncoding = 4; lastKnownFileType = sourcecode.swift; path = SMGSmudgeIconContainerViewController.swift; sourceTree = "<group>"; };
		83F345B21A2044C40071BAE4 /* SMGUIProtocols.swift */ = {isa = PBXFileReference; fileEncoding = 4; lastKnownFileType = sourcecode.swift; path = SMGUIProtocols.swift; sourceTree = "<group>"; };
		83F345B41A21A5EA0071BAE4 /* SMGModelObserveController.swift */ = {isa = PBXFileReference; fileEncoding = 4; lastKnownFileType = sourcecode.swift; path = SMGModelObserveController.swift; sourceTree = "<group>"; };
		83F345B61A21A8B20071BAE4 /* SMGModelObserveNotifyController.swift */ = {isa = PBXFileReference; fileEncoding = 4; lastKnownFileType = sourcecode.swift; path = SMGModelObserveNotifyController.swift; sourceTree = "<group>"; };
/* End PBXFileReference section */

/* Begin PBXFrameworksBuildPhase section */
		83E90A7719F511CF00C2D265 /* Frameworks */ = {
			isa = PBXFrameworksBuildPhase;
			buildActionMask = 2147483647;
			files = (
				38C7E0D6DFFF2DE721A69D3E /* libPods.a in Frameworks */,
			);
			runOnlyForDeploymentPostprocessing = 0;
		};
		83E90A8C19F511CF00C2D265 /* Frameworks */ = {
			isa = PBXFrameworksBuildPhase;
			buildActionMask = 2147483647;
			files = (
			);
			runOnlyForDeploymentPostprocessing = 0;
		};
/* End PBXFrameworksBuildPhase section */

/* Begin PBXGroup section */
		1502CA24727D22956C0BE276 /* Frameworks */ = {
			isa = PBXGroup;
			children = (
				83E0ADC41A18A8110016C442 /* Snappy.framework */,
				28B1A254CD9ADD702A3E710E /* libPods.a */,
			);
			name = Frameworks;
			sourceTree = "<group>";
		};
		8328E6621A16F75A0099C689 /* example */ = {
			isa = PBXGroup;
			children = (
				833B6DE419FA3943008D439D /* AppDelegate.swift */,
				833B6DE619FA394A008D439D /* ViewController.swift */,
			);
			name = example;
			sourceTree = "<group>";
		};
		8328E6631A16F7660099C689 /* SmudgeMenu */ = {
			isa = PBXGroup;
			children = (
				83E0ADE41A18D1800016C442 /* Utilities */,
				8328E6671A171F260099C689 /* Model */,
				8328E6681A171F2B0099C689 /* UI */,
				8328E6661A171F240099C689 /* Controller */,
			);
			name = SmudgeMenu;
			sourceTree = "<group>";
		};
		8328E6661A171F240099C689 /* Controller */ = {
			isa = PBXGroup;
			children = (
				8328E66B1A17361B0099C689 /* SMGMenuController.swift */,
				83E0ADDC1A18CCAB0016C442 /* SMGMenuItemsController.swift */,
				83AC35451A19A40F00A9E56C /* SMGSmudgeHandlesController.swift */,
				8329EF8B1A1C306E00C41563 /* SMGSmudgeCurveController.swift */,
				83A888A31A1DBCD500A8713C /* SMGSmudgeTransitionController.swift */,
				83916E3C1A2E070C00E82A68 /* SMGBackButtonController.swift */,
				83CA1A401A2C2BD50055603E /* Base Classes */,
			);
			name = Controller;
			sourceTree = "<group>";
		};
		8328E6671A171F260099C689 /* Model */ = {
			isa = PBXGroup;
			children = (
				8328E6691A17274E0099C689 /* SMGModel.swift */,
				8328E66D1A1737200099C689 /* SMGInputModel.swift */,
			);
			name = Model;
			sourceTree = "<group>";
		};
		8328E6681A171F2B0099C689 /* UI */ = {
			isa = PBXGroup;
			children = (
				83F345B21A2044C40071BAE4 /* SMGUIProtocols.swift */,
				83AC35471A19B28300A9E56C /* SMGMenuViewController.swift */,
				83CEBAD51A249103006B265E /* Pages */,
				83AE96581A1B7D09005FAF30 /* Smudge Menu */,
				83AE96591A1B7D19005FAF30 /* Bar Menu */,
				832B577D1A1CC9A6001B9BF1 /* Common */,
			);
			name = UI;
			sourceTree = "<group>";
		};
		832B577A1A1CC8A7001B9BF1 /* Smudge */ = {
			isa = PBXGroup;
			children = (
				832B577B1A1CC962001B9BF1 /* SMGSmudgeViewController.swift */,
				83A888A11A1D781F00A8713C /* SMGSmudgeView.swift */,
			);
			name = Smudge;
			sourceTree = "<group>";
		};
		832B577D1A1CC9A6001B9BF1 /* Common */ = {
			isa = PBXGroup;
			children = (
				837393F11A26189700F49B23 /* SMGNoHitView.swift */,
				83AE965A1A1B7D8C005FAF30 /* SMGCurveView.swift */,
				83AC354F1A19F47700A9E56C /* SMGDraggableCircleView.swift */,
				83AE96551A1B7CD5005FAF30 /* SMGCircleView.swift */,
				83AC354B1A19F3A300A9E56C /* SMGDraggableView.swift */,
				83278CC51A2C1A770073C848 /* SMGTappableView.swift */,
			);
			name = Common;
			sourceTree = "<group>";
		};
		833B6DE319FA38F0008D439D /* resources */ = {
			isa = PBXGroup;
			children = (
				833B6DDC19FA38E9008D439D /* LaunchScreen.xib */,
				833B6DDB19FA38E9008D439D /* Icons.storyboard */,
				833B6DDE19FA38E9008D439D /* Pages.storyboard */,
				833B6DDD19FA38E9008D439D /* Main.storyboard */,
				833B6DD919FA38D2008D439D /* Images.xcassets */,
			);
			name = resources;
			sourceTree = "<group>";
		};
		83AE96571A1B7CFB005FAF30 /* Handles */ = {
			isa = PBXGroup;
			children = (
				83E0ADE01A18CD6B0016C442 /* SMGSmudgeHandlesViewController.swift */,
				83AC35491A19BFF500A9E56C /* SMGSmudgeHandleViewController.swift */,
				83AE96531A1B7CA0005FAF30 /* SMGSmudgeHandleView.swift */,
				8329EF8F1A1C704200C41563 /* SMGHandleHelperView.swift */,
			);
			name = Handles;
			sourceTree = "<group>";
		};
		83AE96581A1B7D09005FAF30 /* Smudge Menu */ = {
			isa = PBXGroup;
			children = (
				8329EF8D1A1C6D0400C41563 /* SMGSmudgeMenuViewController.swift */,
				83F345B11A1EDA200071BAE4 /* Icons */,
				832B577A1A1CC8A7001B9BF1 /* Smudge */,
				83AE965C1A1B8CF2005FAF30 /* Debugging */,
				83AE96571A1B7CFB005FAF30 /* Handles */,
			);
			name = "Smudge Menu";
			sourceTree = "<group>";
		};
		83AE96591A1B7D19005FAF30 /* Bar Menu */ = {
			isa = PBXGroup;
			children = (
			);
			name = "Bar Menu";
			sourceTree = "<group>";
		};
		83AE965C1A1B8CF2005FAF30 /* Debugging */ = {
			isa = PBXGroup;
			children = (
				83AE96511A1B7B8A005FAF30 /* SMGSmudgeDebugViewController.swift */,
				832B57781A1C8C97001B9BF1 /* SMGPointIndicatorView.swift */,
			);
			name = Debugging;
			sourceTree = "<group>";
		};
		83CA1A401A2C2BD50055603E /* Base Classes */ = {
			isa = PBXGroup;
			children = (
				83278CC11A2C12AE0073C848 /* SMGModelController.swift */,
				83F345B41A21A5EA0071BAE4 /* SMGModelObserveController.swift */,
				83F345B61A21A8B20071BAE4 /* SMGModelObserveNotifyController.swift */,
				83278CC31A2C17B70073C848 /* SMGModelNotifyController.swift */,
			);
			name = "Base Classes";
			sourceTree = "<group>";
		};
		83CEBAD51A249103006B265E /* Pages */ = {
			isa = PBXGroup;
			children = (
				83E0ADDE1A18CCBB0016C442 /* SMGPagesViewController.swift */,
				83CEBAD31A248BC5006B265E /* SMGPageContainerViewController.swift */,
			);
			name = Pages;
			sourceTree = "<group>";
		};
		83E0ADD11A18A8540016C442 /* Supporting Files */ = {
			isa = PBXGroup;
			children = (
				83E0ADD01A18A8540016C442 /* Info.plist */,
			);
			name = "Supporting Files";
			sourceTree = "<group>";
		};
		83E0ADD21A18A8540016C442 /* Snappy */ = {
			isa = PBXGroup;
			children = (
				83E0ADC71A18A8540016C442 /* Snappy.h */,
				83E0ADC81A18A8540016C442 /* View+Snappy.swift */,
				83E0ADC91A18A8540016C442 /* ConstraintMaker.swift */,
				83E0ADCA1A18A8540016C442 /* Constraint.swift */,
				83E0ADCB1A18A8540016C442 /* ConstraintItem.swift */,
				83E0ADCC1A18A8540016C442 /* ConstraintAttributes.swift */,
				83E0ADCD1A18A8540016C442 /* ConstraintRelation.swift */,
				83E0ADCE1A18A8540016C442 /* LayoutConstraint.swift */,
				83E0ADCF1A18A8540016C442 /* EdgeInsets.swift */,
				83E0ADD11A18A8540016C442 /* Supporting Files */,
			);
			name = Snappy;
			path = Snappy/Snappy;
			sourceTree = "<group>";
		};
		83E0ADE41A18D1800016C442 /* Utilities */ = {
			isa = PBXGroup;
			children = (
				83E0ADE21A18D1780016C442 /* SMGUIViewController+Child.swift */,
				83AC354D1A19F3C300A9E56C /* SMGUIView+Circle.swift */,
				83AE96491A1AF5BA005FAF30 /* SMGConstraintMath.swift */,
				83AE964D1A1B0B7F005FAF30 /* SMGMisc.swift */,
				839509BD1A24606A0085B91D /* SMGBezierCurve.swift */,
			);
			name = Utilities;
			sourceTree = "<group>";
		};
		83E90A7119F511CF00C2D265 = {
			isa = PBXGroup;
			children = (
				83E0ADD21A18A8540016C442 /* Snappy */,
				83E90A7C19F511CF00C2D265 /* SmudgeMenu */,
				83E90A9219F511CF00C2D265 /* SmudgeMenuTests */,
				83E90A7B19F511CF00C2D265 /* Products */,
				A7F7AC1833DCCDDE2ABE0879 /* Pods */,
				1502CA24727D22956C0BE276 /* Frameworks */,
			);
			sourceTree = "<group>";
		};
		83E90A7B19F511CF00C2D265 /* Products */ = {
			isa = PBXGroup;
			children = (
				83E90A7A19F511CF00C2D265 /* SmudgeMenu.app */,
				83E90A8F19F511CF00C2D265 /* SmudgeMenuTests.xctest */,
			);
			name = Products;
			sourceTree = "<group>";
		};
		83E90A7C19F511CF00C2D265 /* SmudgeMenu */ = {
			isa = PBXGroup;
			children = (
				8328E6631A16F7660099C689 /* SmudgeMenu */,
				833B6DE319FA38F0008D439D /* resources */,
				8328E6621A16F75A0099C689 /* example */,
				83E90A7D19F511CF00C2D265 /* Supporting Files */,
			);
			path = SmudgeMenu;
			sourceTree = "<group>";
		};
		83E90A7D19F511CF00C2D265 /* Supporting Files */ = {
			isa = PBXGroup;
			children = (
				834DE17419F51BF30098928F /* SmudgeMenu-Bridging-Header.h */,
				83E90A7E19F511CF00C2D265 /* Info.plist */,
			);
			name = "Supporting Files";
			sourceTree = "<group>";
		};
		83E90A9219F511CF00C2D265 /* SmudgeMenuTests */ = {
			isa = PBXGroup;
			children = (
				83E90A9519F511CF00C2D265 /* SmudgeMenuTests.swift */,
				83E90A9319F511CF00C2D265 /* Supporting Files */,
			);
			path = SmudgeMenuTests;
			sourceTree = "<group>";
		};
		83E90A9319F511CF00C2D265 /* Supporting Files */ = {
			isa = PBXGroup;
			children = (
				83E90A9419F511CF00C2D265 /* Info.plist */,
			);
			name = "Supporting Files";
			sourceTree = "<group>";
		};
		83F345B11A1EDA200071BAE4 /* Icons */ = {
			isa = PBXGroup;
			children = (
				83F345AD1A1ED9B70071BAE4 /* SMGSmudgeIconsViewController.swift */,
				83F345AF1A1ED9DC0071BAE4 /* SMGSmudgeIconContainerViewController.swift */,
				837393F31A2861F200F49B23 /* SMGMainMenuIconContainerViewController.swift */,
				837393F51A28644000F49B23 /* SMGIconContainerViewController.swift */,
			);
			name = Icons;
			sourceTree = "<group>";
		};
		A7F7AC1833DCCDDE2ABE0879 /* Pods */ = {
			isa = PBXGroup;
			children = (
				162A88530B84381524BC1B40 /* Pods.debug.xcconfig */,
				6B5CB45DA907A3A26D048316 /* Pods.release.xcconfig */,
			);
			name = Pods;
			sourceTree = "<group>";
		};
/* End PBXGroup section */

/* Begin PBXNativeTarget section */
		83E90A7919F511CF00C2D265 /* SmudgeMenu */ = {
			isa = PBXNativeTarget;
			buildConfigurationList = 83E90A9919F511CF00C2D265 /* Build configuration list for PBXNativeTarget "SmudgeMenu" */;
			buildPhases = (
				D336504CA843289A0FDC1DAE /* Check Pods Manifest.lock */,
				83E90A7619F511CF00C2D265 /* Sources */,
				83E90A7719F511CF00C2D265 /* Frameworks */,
				83E90A7819F511CF00C2D265 /* Resources */,
				455D24F3550ABCB31A945566 /* Copy Pods Resources */,
			);
			buildRules = (
			);
			dependencies = (
			);
			name = SmudgeMenu;
			productName = SmudgeMenu;
			productReference = 83E90A7A19F511CF00C2D265 /* SmudgeMenu.app */;
			productType = "com.apple.product-type.application";
		};
		83E90A8E19F511CF00C2D265 /* SmudgeMenuTests */ = {
			isa = PBXNativeTarget;
			buildConfigurationList = 83E90A9C19F511CF00C2D265 /* Build configuration list for PBXNativeTarget "SmudgeMenuTests" */;
			buildPhases = (
				83E90A8B19F511CF00C2D265 /* Sources */,
				83E90A8C19F511CF00C2D265 /* Frameworks */,
				83E90A8D19F511CF00C2D265 /* Resources */,
			);
			buildRules = (
			);
			dependencies = (
				83E90A9119F511CF00C2D265 /* PBXTargetDependency */,
			);
			name = SmudgeMenuTests;
			productName = SmudgeMenuTests;
			productReference = 83E90A8F19F511CF00C2D265 /* SmudgeMenuTests.xctest */;
			productType = "com.apple.product-type.bundle.unit-test";
		};
/* End PBXNativeTarget section */

/* Begin PBXProject section */
		83E90A7219F511CF00C2D265 /* Project object */ = {
			isa = PBXProject;
			attributes = {
				LastUpgradeCheck = 0600;
				ORGANIZATIONNAME = Motrr;
				TargetAttributes = {
					83E90A7919F511CF00C2D265 = {
						CreatedOnToolsVersion = 6.0.1;
					};
					83E90A8E19F511CF00C2D265 = {
						CreatedOnToolsVersion = 6.0.1;
						TestTargetID = 83E90A7919F511CF00C2D265;
					};
				};
			};
			buildConfigurationList = 83E90A7519F511CF00C2D265 /* Build configuration list for PBXProject "SmudgeMenu" */;
			compatibilityVersion = "Xcode 3.2";
			developmentRegion = English;
			hasScannedForEncodings = 0;
			knownRegions = (
				en,
				Base,
			);
			mainGroup = 83E90A7119F511CF00C2D265;
			productRefGroup = 83E90A7B19F511CF00C2D265 /* Products */;
			projectDirPath = "";
			projectRoot = "";
			targets = (
				83E90A7919F511CF00C2D265 /* SmudgeMenu */,
				83E90A8E19F511CF00C2D265 /* SmudgeMenuTests */,
			);
		};
/* End PBXProject section */

/* Begin PBXResourcesBuildPhase section */
		83E90A7819F511CF00C2D265 /* Resources */ = {
			isa = PBXResourcesBuildPhase;
			buildActionMask = 2147483647;
			files = (
				833B6DDA19FA38D2008D439D /* Images.xcassets in Resources */,
				833B6DE019FA38E9008D439D /* LaunchScreen.xib in Resources */,
				83E0ADDB1A18A8540016C442 /* Info.plist in Resources */,
				833B6DDF19FA38E9008D439D /* Icons.storyboard in Resources */,
				833B6DE119FA38E9008D439D /* Main.storyboard in Resources */,
				833B6DE219FA38E9008D439D /* Pages.storyboard in Resources */,
			);
			runOnlyForDeploymentPostprocessing = 0;
		};
		83E90A8D19F511CF00C2D265 /* Resources */ = {
			isa = PBXResourcesBuildPhase;
			buildActionMask = 2147483647;
			files = (
			);
			runOnlyForDeploymentPostprocessing = 0;
		};
/* End PBXResourcesBuildPhase section */

/* Begin PBXShellScriptBuildPhase section */
		455D24F3550ABCB31A945566 /* Copy Pods Resources */ = {
			isa = PBXShellScriptBuildPhase;
			buildActionMask = 2147483647;
			files = (
			);
			inputPaths = (
			);
			name = "Copy Pods Resources";
			outputPaths = (
			);
			runOnlyForDeploymentPostprocessing = 0;
			shellPath = /bin/sh;
			shellScript = "\"${SRCROOT}/Pods/Target Support Files/Pods/Pods-resources.sh\"\n";
			showEnvVarsInLog = 0;
		};
		D336504CA843289A0FDC1DAE /* Check Pods Manifest.lock */ = {
			isa = PBXShellScriptBuildPhase;
			buildActionMask = 2147483647;
			files = (
			);
			inputPaths = (
			);
			name = "Check Pods Manifest.lock";
			outputPaths = (
			);
			runOnlyForDeploymentPostprocessing = 0;
			shellPath = /bin/sh;
			shellScript = "diff \"${PODS_ROOT}/../Podfile.lock\" \"${PODS_ROOT}/Manifest.lock\" > /dev/null\nif [[ $? != 0 ]] ; then\n    cat << EOM\nerror: The sandbox is not in sync with the Podfile.lock. Run 'pod install' or update your CocoaPods installation.\nEOM\n    exit 1\nfi\n";
			showEnvVarsInLog = 0;
		};
/* End PBXShellScriptBuildPhase section */

/* Begin PBXSourcesBuildPhase section */
		83E90A7619F511CF00C2D265 /* Sources */ = {
			isa = PBXSourcesBuildPhase;
			buildActionMask = 2147483647;
			files = (
				83AE964A1A1AF5BA005FAF30 /* SMGConstraintMath.swift in Sources */,
				837393F41A2861F200F49B23 /* SMGMainMenuIconContainerViewController.swift in Sources */,
				83278CC61A2C1A770073C848 /* SMGTappableView.swift in Sources */,
				83AC354C1A19F3A300A9E56C /* SMGDraggableView.swift in Sources */,
				8329EF8C1A1C306E00C41563 /* SMGSmudgeCurveController.swift in Sources */,
				83F345B71A21A8B20071BAE4 /* SMGModelObserveNotifyController.swift in Sources */,
				8329EF901A1C704200C41563 /* SMGHandleHelperView.swift in Sources */,
				83CEBAD41A248BC5006B265E /* SMGPageContainerViewController.swift in Sources */,
				837393F61A28644000F49B23 /* SMGIconContainerViewController.swift in Sources */,
				83E0ADE31A18D1780016C442 /* SMGUIViewController+Child.swift in Sources */,
				83AE96541A1B7CA0005FAF30 /* SMGSmudgeHandleView.swift in Sources */,
				83E0ADD91A18A8540016C442 /* LayoutConstraint.swift in Sources */,
				83AC35501A19F47700A9E56C /* SMGDraggableCircleView.swift in Sources */,
				83F345B51A21A5EA0071BAE4 /* SMGModelObserveController.swift in Sources */,
				83E0ADD51A18A8540016C442 /* Constraint.swift in Sources */,
				83278CC41A2C17B70073C848 /* SMGModelNotifyController.swift in Sources */,
				83916E3D1A2E070C00E82A68 /* SMGBackButtonController.swift in Sources */,
				83A888A41A1DBCD500A8713C /* SMGSmudgeTransitionController.swift in Sources */,
				833B6DE519FA3943008D439D /* AppDelegate.swift in Sources */,
				83F345B01A1ED9DC0071BAE4 /* SMGSmudgeIconContainerViewController.swift in Sources */,
				83F345AE1A1ED9B70071BAE4 /* SMGSmudgeIconsViewController.swift in Sources */,
				83AE964E1A1B0B7F005FAF30 /* SMGMisc.swift in Sources */,
				83AE96561A1B7CD5005FAF30 /* SMGCircleView.swift in Sources */,
				8328E66A1A17274E0099C689 /* SMGModel.swift in Sources */,
				83E0ADE11A18CD6B0016C442 /* SMGSmudgeHandlesViewController.swift in Sources */,
				83E0ADDA1A18A8540016C442 /* EdgeInsets.swift in Sources */,
				83AC35461A19A40F00A9E56C /* SMGSmudgeHandlesController.swift in Sources */,
				83278CC21A2C12AE0073C848 /* SMGModelController.swift in Sources */,
				83E0ADDF1A18CCBB0016C442 /* SMGPagesViewController.swift in Sources */,
				83AC35481A19B28300A9E56C /* SMGMenuViewController.swift in Sources */,
				833B6DE719FA394A008D439D /* ViewController.swift in Sources */,
				83E0ADD71A18A8540016C442 /* ConstraintAttributes.swift in Sources */,
				8328E66C1A17361B0099C689 /* SMGMenuController.swift in Sources */,
				83A888A21A1D781F00A8713C /* SMGSmudgeView.swift in Sources */,
				8329EF8E1A1C6D0400C41563 /* SMGSmudgeMenuViewController.swift in Sources */,
				83AC354E1A19F3C300A9E56C /* SMGUIView+Circle.swift in Sources */,
				832B577C1A1CC962001B9BF1 /* SMGSmudgeViewController.swift in Sources */,
				83F345B31A2044C40071BAE4 /* SMGUIProtocols.swift in Sources */,
				83E0ADD41A18A8540016C442 /* ConstraintMaker.swift in Sources */,
				83E0ADD31A18A8540016C442 /* View+Snappy.swift in Sources */,
				83E0ADDD1A18CCAB0016C442 /* SMGMenuItemsController.swift in Sources */,
				83AC354A1A19BFF500A9E56C /* SMGSmudgeHandleViewController.swift in Sources */,
				83AE96521A1B7B8A005FAF30 /* SMGSmudgeDebugViewController.swift in Sources */,
				8328E66E1A1737200099C689 /* SMGInputModel.swift in Sources */,
				83AE965B1A1B7D8C005FAF30 /* SMGCurveView.swift in Sources */,
				839509BE1A24606A0085B91D /* SMGBezierCurve.swift in Sources */,
				832B57791A1C8C97001B9BF1 /* SMGPointIndicatorView.swift in Sources */,
				837393F21A26189700F49B23 /* SMGNoHitView.swift in Sources */,
				83E0ADD81A18A8540016C442 /* ConstraintRelation.swift in Sources */,
				83E0ADD61A18A8540016C442 /* ConstraintItem.swift in Sources */,
			);
			runOnlyForDeploymentPostprocessing = 0;
		};
		83E90A8B19F511CF00C2D265 /* Sources */ = {
			isa = PBXSourcesBuildPhase;
			buildActionMask = 2147483647;
			files = (
				83E90A9619F511CF00C2D265 /* SmudgeMenuTests.swift in Sources */,
			);
			runOnlyForDeploymentPostprocessing = 0;
		};
/* End PBXSourcesBuildPhase section */

/* Begin PBXTargetDependency section */
		83E90A9119F511CF00C2D265 /* PBXTargetDependency */ = {
			isa = PBXTargetDependency;
			target = 83E90A7919F511CF00C2D265 /* SmudgeMenu */;
			targetProxy = 83E90A9019F511CF00C2D265 /* PBXContainerItemProxy */;
		};
/* End PBXTargetDependency section */

/* Begin XCBuildConfiguration section */
		83E90A9719F511CF00C2D265 /* Debug */ = {
			isa = XCBuildConfiguration;
			buildSettings = {
				ALWAYS_SEARCH_USER_PATHS = NO;
				CLANG_CXX_LANGUAGE_STANDARD = "gnu++0x";
				CLANG_CXX_LIBRARY = "libc++";
				CLANG_ENABLE_MODULES = YES;
				CLANG_ENABLE_OBJC_ARC = YES;
				CLANG_WARN_BOOL_CONVERSION = YES;
				CLANG_WARN_CONSTANT_CONVERSION = YES;
				CLANG_WARN_DIRECT_OBJC_ISA_USAGE = YES_ERROR;
				CLANG_WARN_EMPTY_BODY = YES;
				CLANG_WARN_ENUM_CONVERSION = YES;
				CLANG_WARN_INT_CONVERSION = YES;
				CLANG_WARN_OBJC_ROOT_CLASS = YES_ERROR;
				CLANG_WARN_UNREACHABLE_CODE = YES;
				CLANG_WARN__DUPLICATE_METHOD_MATCH = YES;
				"CODE_SIGN_IDENTITY[sdk=iphoneos*]" = "iPhone Developer";
				COPY_PHASE_STRIP = NO;
				ENABLE_STRICT_OBJC_MSGSEND = YES;
				GCC_C_LANGUAGE_STANDARD = gnu99;
				GCC_DYNAMIC_NO_PIC = NO;
				GCC_OPTIMIZATION_LEVEL = 0;
				GCC_PREPROCESSOR_DEFINITIONS = (
					"DEBUG=1",
					"$(inherited)",
				);
				GCC_SYMBOLS_PRIVATE_EXTERN = NO;
				GCC_WARN_64_TO_32_BIT_CONVERSION = YES;
				GCC_WARN_ABOUT_RETURN_TYPE = YES_ERROR;
				GCC_WARN_UNDECLARED_SELECTOR = YES;
				GCC_WARN_UNINITIALIZED_AUTOS = YES_AGGRESSIVE;
				GCC_WARN_UNUSED_FUNCTION = YES;
				GCC_WARN_UNUSED_VARIABLE = YES;
				IPHONEOS_DEPLOYMENT_TARGET = 8.0;
				MTL_ENABLE_DEBUG_INFO = YES;
				ONLY_ACTIVE_ARCH = YES;
				SDKROOT = iphoneos;
				SWIFT_OPTIMIZATION_LEVEL = "-Onone";
				TARGETED_DEVICE_FAMILY = "1,2";
			};
			name = Debug;
		};
		83E90A9819F511CF00C2D265 /* Release */ = {
			isa = XCBuildConfiguration;
			buildSettings = {
				ALWAYS_SEARCH_USER_PATHS = NO;
				CLANG_CXX_LANGUAGE_STANDARD = "gnu++0x";
				CLANG_CXX_LIBRARY = "libc++";
				CLANG_ENABLE_MODULES = YES;
				CLANG_ENABLE_OBJC_ARC = YES;
				CLANG_WARN_BOOL_CONVERSION = YES;
				CLANG_WARN_CONSTANT_CONVERSION = YES;
				CLANG_WARN_DIRECT_OBJC_ISA_USAGE = YES_ERROR;
				CLANG_WARN_EMPTY_BODY = YES;
				CLANG_WARN_ENUM_CONVERSION = YES;
				CLANG_WARN_INT_CONVERSION = YES;
				CLANG_WARN_OBJC_ROOT_CLASS = YES_ERROR;
				CLANG_WARN_UNREACHABLE_CODE = YES;
				CLANG_WARN__DUPLICATE_METHOD_MATCH = YES;
				"CODE_SIGN_IDENTITY[sdk=iphoneos*]" = "iPhone Developer";
				COPY_PHASE_STRIP = YES;
				ENABLE_NS_ASSERTIONS = NO;
				ENABLE_STRICT_OBJC_MSGSEND = YES;
				GCC_C_LANGUAGE_STANDARD = gnu99;
				GCC_WARN_64_TO_32_BIT_CONVERSION = YES;
				GCC_WARN_ABOUT_RETURN_TYPE = YES_ERROR;
				GCC_WARN_UNDECLARED_SELECTOR = YES;
				GCC_WARN_UNINITIALIZED_AUTOS = YES_AGGRESSIVE;
				GCC_WARN_UNUSED_FUNCTION = YES;
				GCC_WARN_UNUSED_VARIABLE = YES;
				IPHONEOS_DEPLOYMENT_TARGET = 8.0;
				MTL_ENABLE_DEBUG_INFO = NO;
				SDKROOT = iphoneos;
				TARGETED_DEVICE_FAMILY = "1,2";
				VALIDATE_PRODUCT = YES;
			};
			name = Release;
		};
		83E90A9A19F511CF00C2D265 /* Debug */ = {
			isa = XCBuildConfiguration;
			baseConfigurationReference = 162A88530B84381524BC1B40 /* Pods.debug.xcconfig */;
			buildSettings = {
				ASSETCATALOG_COMPILER_APPICON_NAME = AppIcon;
				CLANG_ENABLE_MODULES = YES;
				CODE_SIGN_IDENTITY = "iPhone Developer: Christopher Harding (M42667LZAH)";
				FRAMEWORK_SEARCH_PATHS = (
					"$(inherited)",
					"$(USER_LIBRARY_DIR)/Developer/Xcode/DerivedData/SmudgeMenu-boahhxwtedobkmbnnmpedxwlwbic/Build/Products/Debug-iphoneos",
				);
				INFOPLIST_FILE = SmudgeMenu/Info.plist;
				LD_RUNPATH_SEARCH_PATHS = "$(inherited) @executable_path/Frameworks";
				PRODUCT_NAME = "$(TARGET_NAME)";
				PROVISIONING_PROFILE = "";
				SWIFT_INSTALL_OBJC_HEADER = YES;
				SWIFT_OBJC_BRIDGING_HEADER = "SmudgeMenu/SmudgeMenu-Bridging-Header.h";
				SWIFT_OPTIMIZATION_LEVEL = "-Onone";
			};
			name = Debug;
		};
		83E90A9B19F511CF00C2D265 /* Release */ = {
			isa = XCBuildConfiguration;
			baseConfigurationReference = 6B5CB45DA907A3A26D048316 /* Pods.release.xcconfig */;
			buildSettings = {
				ASSETCATALOG_COMPILER_APPICON_NAME = AppIcon;
				CLANG_ENABLE_MODULES = YES;
				FRAMEWORK_SEARCH_PATHS = (
					"$(inherited)",
					"$(USER_LIBRARY_DIR)/Developer/Xcode/DerivedData/SmudgeMenu-boahhxwtedobkmbnnmpedxwlwbic/Build/Products/Debug-iphoneos",
				);
				INFOPLIST_FILE = SmudgeMenu/Info.plist;
				LD_RUNPATH_SEARCH_PATHS = "$(inherited) @executable_path/Frameworks";
				PRODUCT_NAME = "$(TARGET_NAME)";
				PROVISIONING_PROFILE = "";
				SWIFT_INSTALL_OBJC_HEADER = YES;
				SWIFT_OBJC_BRIDGING_HEADER = "SmudgeMenu/SmudgeMenu-Bridging-Header.h";
			};
			name = Release;
		};
		83E90A9D19F511CF00C2D265 /* Debug */ = {
			isa = XCBuildConfiguration;
			buildSettings = {
				BUNDLE_LOADER = "$(TEST_HOST)";
				FRAMEWORK_SEARCH_PATHS = (
					"$(SDKROOT)/Developer/Library/Frameworks",
					"$(inherited)",
				);
				GCC_PREPROCESSOR_DEFINITIONS = (
					"DEBUG=1",
					"$(inherited)",
				);
				INFOPLIST_FILE = SmudgeMenuTests/Info.plist;
				LD_RUNPATH_SEARCH_PATHS = "$(inherited) @executable_path/Frameworks @loader_path/Frameworks";
				PRODUCT_NAME = "$(TARGET_NAME)";
				TEST_HOST = "$(BUILT_PRODUCTS_DIR)/SmudgeMenu.app/SmudgeMenu";
			};
			name = Debug;
		};
		83E90A9E19F511CF00C2D265 /* Release */ = {
			isa = XCBuildConfiguration;
			buildSettings = {
				BUNDLE_LOADER = "$(TEST_HOST)";
				FRAMEWORK_SEARCH_PATHS = (
					"$(SDKROOT)/Developer/Library/Frameworks",
					"$(inherited)",
				);
				INFOPLIST_FILE = SmudgeMenuTests/Info.plist;
				LD_RUNPATH_SEARCH_PATHS = "$(inherited) @executable_path/Frameworks @loader_path/Frameworks";
				PRODUCT_NAME = "$(TARGET_NAME)";
				TEST_HOST = "$(BUILT_PRODUCTS_DIR)/SmudgeMenu.app/SmudgeMenu";
			};
			name = Release;
		};
/* End XCBuildConfiguration section */

/* Begin XCConfigurationList section */
		83E90A7519F511CF00C2D265 /* Build configuration list for PBXProject "SmudgeMenu" */ = {
			isa = XCConfigurationList;
			buildConfigurations = (
				83E90A9719F511CF00C2D265 /* Debug */,
				83E90A9819F511CF00C2D265 /* Release */,
			);
			defaultConfigurationIsVisible = 0;
			defaultConfigurationName = Release;
		};
		83E90A9919F511CF00C2D265 /* Build configuration list for PBXNativeTarget "SmudgeMenu" */ = {
			isa = XCConfigurationList;
			buildConfigurations = (
				83E90A9A19F511CF00C2D265 /* Debug */,
				83E90A9B19F511CF00C2D265 /* Release */,
			);
			defaultConfigurationIsVisible = 0;
			defaultConfigurationName = Release;
		};
		83E90A9C19F511CF00C2D265 /* Build configuration list for PBXNativeTarget "SmudgeMenuTests" */ = {
			isa = XCConfigurationList;
			buildConfigurations = (
				83E90A9D19F511CF00C2D265 /* Debug */,
				83E90A9E19F511CF00C2D265 /* Release */,
			);
			defaultConfigurationIsVisible = 0;
			defaultConfigurationName = Release;
		};
/* End XCConfigurationList section */
	};
	rootObject = 83E90A7219F511CF00C2D265 /* Project object */;
}
